
Microsoft Visual Studio Solution File, Format Version 12.00
# Visual Studio Version 17
VisualStudioVersion = 17.10.35027.167
MinimumVisualStudioVersion = 10.0.40219.1
Project("{FAE04EC0-301F-11D3-BF4B-00C04F79EFBC}") = "Task", "Task\Task.csproj", "{79449DEC-989D-42AA-AC8C-813091C187E5}"
EndProject
Global
	GlobalSection(SolutionConfigurationPlatforms) = preSolution
		Debug|Any CPU = Debug|Any CPU
		Release|Any CPU = Release|Any CPU
	EndGlobalSection
	GlobalSection(ProjectConfigurationPlatforms) = postSolution
		{79449DEC-989D-42AA-AC8C-813091C187E5}.Debug|Any CPU.ActiveCfg = Debug|Any CPU
		{79449DEC-989D-42AA-AC8C-813091C187E5}.Debug|Any CPU.Build.0 = Debug|Any CPU
		{79449DEC-989D-42AA-AC8C-813091C187E5}.Release|Any CPU.ActiveCfg = Release|Any CPU
		{79449DEC-989D-42AA-AC8C-813091C187E5}.Release|Any CPU.Build.0 = Release|Any CPU
	EndGlobalSection
	GlobalSection(SolutionProperties) = preSolution
		HideSolutionNode = FALSE
	EndGlobalSection
	GlobalSection(ExtensibilityGlobals) = postSolution
		SolutionGuid = {A83AE888-ECD3-4CB2-8135-6D112482A903}
	EndGlobalSection
EndGlobal
